{
    "_readme": [
        "This file locks the dependencies of your project to a known state",
        "Read more about it at https://getcomposer.org/doc/01-basic-usage.md#installing-dependencies",
        "This file is @generated automatically"
    ],
    "content-hash": "6413321b755df19b4543ce504ae5835c",
    "packages": [
        {
            "name": "js-phpize/js-phpize",
            "version": "2.8.4",
            "source": {
                "type": "git",
                "url": "https://github.com/pug-php/js-phpize.git",
                "reference": "9600d41d454b562646c6aab9aef7318cdc1848a8"
            },
            "dist": {
                "type": "zip",
                "url": "https://api.github.com/repos/pug-php/js-phpize/zipball/9600d41d454b562646c6aab9aef7318cdc1848a8",
                "reference": "9600d41d454b562646c6aab9aef7318cdc1848a8",
                "shasum": ""
            },
            "require": {
                "ext-mbstring": "*",
                "php": ">=7.0"
            },
            "require-dev": {
                "codeclimate/php-test-reporter": "dev-master",
                "phpunit/phpunit": "^6.0 || ^7.0"
            },
            "type": "library",
            "autoload": {
                "psr-0": {
                    "JsPhpize": "src/"
                }
            },
            "notification-url": "https://packagist.org/downloads/",
            "license": [
                "MIT"
            ],
            "authors": [
                {
                    "name": "Kyle Katarn",
                    "email": "kylekatarnls@gmail.com"
                }
            ],
            "description": "Convert js-like syntax to standalone PHP code.",
            "support": {
                "issues": "https://github.com/pug-php/js-phpize/issues",
                "source": "https://github.com/pug-php/js-phpize/tree/2.8.4"
            },
            "funding": [
                {
                    "url": "https://github.com/kylekatarnls",
                    "type": "github"
                },
                {
                    "url": "https://opencollective.com/pug-php",
                    "type": "open_collective"
                },
                {
                    "url": "https://tidelift.com/funding/github/packagist/pug-php/pug",
                    "type": "tidelift"
                }
            ],
            "time": "2020-07-12T09:52:17+00:00"
        }
    ],
    "packages-dev": [],
    "aliases": [],
    "minimum-stability": "stable",
    "stability-flags": [],
    "prefer-stable": false,
    "prefer-lowest": false,
    "platform": [],
    "platform-dev": [],
    "plugin-api-version": "2.0.0"
}
