{
    "_readme": [
        "This file locks the dependencies of your project to a known state",
        "Read more about it at https://getcomposer.org/doc/01-basic-usage.md#installing-dependencies",
        "This file is @generated automatically"
    ],
    "content-hash": "84745989199c6fb462073ede2dd6a616",
    "packages": [
        {
            "name": "smalot/pdfparser",
            "version": "v0.19.0",
            "source": {
                "type": "git",
                "url": "https://github.com/smalot/pdfparser.git",
                "reference": "1895c17417aefa4508e35836c46da61988d61f26"
            },
            "dist": {
                "type": "zip",
                "url": "https://api.github.com/repos/smalot/pdfparser/zipball/1895c17417aefa4508e35836c46da61988d61f26",
                "reference": "1895c17417aefa4508e35836c46da61988d61f26",
                "shasum": ""
            },
            "require": {
                "ext-zlib": "*",
                "php": ">=5.6",
                "symfony/polyfill-mbstring": "^1.18"
            },
            "require-dev": {
                "friendsofphp/php-cs-fixer": "^2.16",
                "symfony/phpunit-bridge": "^5.2"
            },
            "type": "library",
            "autoload": {
                "psr-0": {
                    "Smalot\\PdfParser\\": "src/"
                }
            },
            "notification-url": "https://packagist.org/downloads/",
            "license": [
                "LGPL-3.0"
            ],
            "authors": [
                {
                    "name": "Sebastien MALOT",
                    "email": "sebastien@malot.fr"
                }
            ],
            "description": "Pdf parser library. Can read and extract information from pdf file.",
            "homepage": "https://www.pdfparser.org",
            "keywords": [
                "extract",
                "parse",
                "parser",
                "pdf",
                "text"
            ],
            "support": {
                "issues": "https://github.com/smalot/pdfparser/issues",
                "source": "https://github.com/smalot/pdfparser/tree/v0.19.0"
            },
            "time": "2021-04-13T08:27:56+00:00"
        },
        {
            "name": "symfony/polyfill-mbstring",
            "version": "v1.22.1",
            "source": {
                "type": "git",
                "url": "https://github.com/symfony/polyfill-mbstring.git",
                "reference": "5232de97ee3b75b0360528dae24e73db49566ab1"
            },
            "dist": {
                "type": "zip",
                "url": "https://api.github.com/repos/symfony/polyfill-mbstring/zipball/5232de97ee3b75b0360528dae24e73db49566ab1",
                "reference": "5232de97ee3b75b0360528dae24e73db49566ab1",
                "shasum": ""
            },
            "require": {
                "php": ">=7.1"
            },
            "suggest": {
                "ext-mbstring": "For best performance"
            },
            "type": "library",
            "extra": {
                "branch-alias": {
                    "dev-main": "1.22-dev"
                },
                "thanks": {
                    "name": "symfony/polyfill",
                    "url": "https://github.com/symfony/polyfill"
                }
            },
            "autoload": {
                "psr-4": {
                    "Symfony\\Polyfill\\Mbstring\\": ""
                },
                "files": [
                    "bootstrap.php"
                ]
            },
            "notification-url": "https://packagist.org/downloads/",
            "license": [
                "MIT"
            ],
            "authors": [
                {
                    "name": "Nicolas Grekas",
                    "email": "p@tchwork.com"
                },
                {
                    "name": "Symfony Community",
                    "homepage": "https://symfony.com/contributors"
                }
            ],
            "description": "Symfony polyfill for the Mbstring extension",
            "homepage": "https://symfony.com",
            "keywords": [
                "compatibility",
                "mbstring",
                "polyfill",
                "portable",
                "shim"
            ],
            "support": {
                "source": "https://github.com/symfony/polyfill-mbstring/tree/v1.22.1"
            },
            "funding": [
                {
                    "url": "https://symfony.com/sponsor",
                    "type": "custom"
                },
                {
                    "url": "https://github.com/fabpot",
                    "type": "github"
                },
                {
                    "url": "https://tidelift.com/funding/github/packagist/symfony/symfony",
                    "type": "tidelift"
                }
            ],
            "time": "2021-01-22T09:19:47+00:00"
        }
    ],
    "packages-dev": [],
    "aliases": [],
    "minimum-stability": "stable",
    "stability-flags": [],
    "prefer-stable": false,
    "prefer-lowest": false,
    "platform": [],
    "platform-dev": [],
    "plugin-api-version": "2.0.0"
}
